
Microsoft Visual Studio Solution File, Format Version 12.00
# Visual Studio Version 17
VisualStudioVersion = 17.8.34330.188
MinimumVisualStudioVersion = 10.0.40219.1
Project("{FAE04EC0-301F-11D3-BF4B-00C04F79EFBC}") = "relationshipsEfCore", "relationshipsEfCore\relationshipsEfCore.csproj", "{57C8E245-2BD6-4FCA-8355-D28BE919C910}"
EndProject
Project("{2150E333-8FDC-42A3-9474-1A3956D46DE8}") = "Itens de Solução", "Itens de Solução", "{02721F02-7C14-4483-86D4-D35BBE6A12B9}"
	ProjectSection(SolutionItems) = preProject
		.gitignore = .gitignore
	EndProjectSection
EndProject
Global
	GlobalSection(SolutionConfigurationPlatforms) = preSolution
		Debug|Any CPU = Debug|Any CPU
		Release|Any CPU = Release|Any CPU
	EndGlobalSection
	GlobalSection(ProjectConfigurationPlatforms) = postSolution
		{57C8E245-2BD6-4FCA-8355-D28BE919C910}.Debug|Any CPU.ActiveCfg = Debug|Any CPU
		{57C8E245-2BD6-4FCA-8355-D28BE919C910}.Debug|Any CPU.Build.0 = Debug|Any CPU
		{57C8E245-2BD6-4FCA-8355-D28BE919C910}.Release|Any CPU.ActiveCfg = Release|Any CPU
		{57C8E245-2BD6-4FCA-8355-D28BE919C910}.Release|Any CPU.Build.0 = Release|Any CPU
	EndGlobalSection
	GlobalSection(SolutionProperties) = preSolution
		HideSolutionNode = FALSE
	EndGlobalSection
	GlobalSection(ExtensibilityGlobals) = postSolution
		SolutionGuid = {0C0EA916-4399-4EC2-911A-0F3526417FC0}
	EndGlobalSection
EndGlobal
